%{
  "decimal": {:hex, :decimal, "2.0.0", "a78296e617b0f5dd4c6caf57c714431347912ffb1d0842e998e9792b5642d697", [:mix], [], "hexpm", "34666e9c55dea81013e77d9d87370fe6cb6291d1ef32f46a1600230b1d44f577"},
  "ecto": {:hex, :ecto, "3.9.1", "67173b1687afeb68ce805ee7420b4261649d5e2deed8fe5550df23bab0bc4396", [:mix], [{:decimal, "~> 1.6 or ~> 2.0", [hex: :decimal, repo: "hexpm", optional: false]}, {:jason, "~> 1.0", [hex: :jason, repo: "hexpm", optional: true]}, {:telemetry, "~> 0.4 or ~> 1.0", [hex: :telemetry, repo: "hexpm", optional: false]}], "hexpm", "c80bb3d736648df790f7f92f81b36c922d9dd3203ca65be4ff01d067f54eb304"},
  "elixir_make": {:hex, :elixir_make, "0.6.3", "bc07d53221216838d79e03a8019d0839786703129599e9619f4ab74c8c096eac", [:mix], [], "hexpm", "f5cbd651c5678bcaabdbb7857658ee106b12509cd976c2c2fca99688e1daf716"},
  "elixir_uuid": {:hex, :elixir_uuid, "1.2.1", "dce506597acb7e6b0daeaff52ff6a9043f5919a4c3315abb4143f0b00378c097", [:mix], [], "hexpm", "f7eba2ea6c3555cea09706492716b0d87397b88946e6380898c2889d68585752"},
  "event_bus": {:hex, :event_bus, "1.6.2", "75a68e2950a383bd413acadd97071c3990534afec307564c11432bc477a2f509", [:mix], [], "hexpm", "6a04ae12b5b40e2bcc71f920da43fb24ac712e13ec4f81e020f37b2a2c47b481"},
  "ex_image_info": {:hex, :ex_image_info, "0.2.4", "610002acba43520a9b1cf1421d55812bde5b8a8aeaf1fe7b1f8823e84e762adb", [:mix], [], "hexpm", "fd1a7e02664e3b14dfd3b231d22fdd48bd3dd694c4773e6272b3a6228f1106bc"},
  "font_metrics": {:git, "https://github.com/JediLuke/font_metrics", "fddcf109614401a0a35acd3f42f2dbb42680600b", [branch: "add_line_height_fn"]},
  "input_event": {:hex, :input_event, "0.4.3", "ea1c6c81fd245f617858294ce106bf4b9c35822eaa94793ffa104cc0ae1bd323", [:make, :mix], [{:elixir_make, "~> 0.6", [hex: :elixir_make, repo: "hexpm", optional: false]}], "hexpm", "818bd6b20d3a6ccac868074138eae5dbae17baf2f7711b2852253d6461ad80db"},
  "nimble_options": {:hex, :nimble_options, "0.4.0", "c89babbab52221a24b8d1ff9e7d838be70f0d871be823165c94dd3418eea728f", [:mix], [], "hexpm", "e6701c1af326a11eea9634a3b1c62b475339ace9456c1a23ec3bc9a847bca02d"},
  "scenic": {:hex, :scenic, "0.11.1", "9cabc40a1362de76b25c9b243503251c9e9287816fab88b539c55e8debdb6513", [:make, :mix], [{:elixir_make, "~> 0.6.2", [hex: :elixir_make, repo: "hexpm", optional: false]}, {:ex_image_info, "~> 0.2.4", [hex: :ex_image_info, repo: "hexpm", optional: false]}, {:font_metrics, "~> 0.5.0", [hex: :font_metrics, repo: "hexpm", optional: false]}, {:nimble_options, "~> 0.3.4 or ~> 0.4.0", [hex: :nimble_options, repo: "hexpm", optional: false]}, {:truetype_metrics, "~> 0.6", [hex: :truetype_metrics, repo: "hexpm", optional: false]}], "hexpm", "86845290002bb61ac34ab24573dfd0f15f1d17bb24fa68767af65601eaae5153"},
  "scenic_driver_local": {:git, "https://github.com/JediLuke/scenic_driver_local", "dae7cce9c517e69e7a60a2625aab4d43601ac635", [branch: "no_line_wrap"]},
  "scenic_widget_contrib": {:git, "https://github.com/JediLuke/scenic-widget-contrib", "1427e8240a54b94b1ceeef5cdbc4ace4d55fb535", [branch: "text_pad_wip"]},
  "telemetry": {:hex, :telemetry, "1.1.0", "a589817034a27eab11144ad24d5c0f9fab1f58173274b1e9bae7074af9cbee51", [:rebar3], [], "hexpm", "b727b2a1f75614774cff2d7565b64d0dfa5bd52ba517f16543e6fc7efcc0df48"},
  "truetype_metrics": {:hex, :truetype_metrics, "0.6.1", "9119a04dc269dd8f63e85e12e4098f711cb7c5204a420f4896f40667b9e064f6", [:mix], [{:font_metrics, "~> 0.5", [hex: :font_metrics, repo: "hexpm", optional: false]}], "hexpm", "5711d4a3e4fc92eb073326fbe54208925d35168dc9b288c331ee666a8a84759b"},
}
