%{
  "elixir_make": {:hex, :elixir_make, "0.6.3", "bc07d53221216838d79e03a8019d0839786703129599e9619f4ab74c8c096eac", [:mix], [], "hexpm", "f5cbd651c5678bcaabdbb7857658ee106b12509cd976c2c2fca99688e1daf716"},
  "elixir_uuid": {:hex, :elixir_uuid, "1.2.1", "dce506597acb7e6b0daeaff52ff6a9043f5919a4c3315abb4143f0b00378c097", [:mix], [], "hexpm", "f7eba2ea6c3555cea09706492716b0d87397b88946e6380898c2889d68585752"},
  "event_bus": {:hex, :event_bus, "1.7.0", "29a36fc09e8c4463c82206b6a300fa1d61cf4baf9a7b4e7cf0c3efb99c73998e", [:mix], [], "hexpm", "e556470f49f53060a0696c4bad81341252685011afc69eda25032c8a3a86eb2e"},
  "ex_image_info": {:hex, :ex_image_info, "0.2.7", "0460539183b6fd5f4ab2d068839922379d6b27c28b25f11757fdf28a5f5c79b1", [:mix], [], "hexpm", "c17cd937e044e2a26962c37cd8965acc0b31cb5fe7bc8119c721546b943c06ca"},
  "font_metrics": {:hex, :font_metrics, "0.5.2", "4a3f0223308f999a9773adc026e1f81fb094973160b31eabb4d0850be3781088", [:mix], [{:nimble_options, "~> 0.3 or ~> 1.0", [hex: :nimble_options, repo: "hexpm", optional: false]}], "hexpm", "8a3b10555b35988366f98adc62de0151f4869e8179a59cc84aa5a68701615ffd"},
  "input_event": {:hex, :input_event, "0.4.3", "ea1c6c81fd245f617858294ce106bf4b9c35822eaa94793ffa104cc0ae1bd323", [:make, :mix], [{:elixir_make, "~> 0.6", [hex: :elixir_make, repo: "hexpm", optional: false]}], "hexpm", "818bd6b20d3a6ccac868074138eae5dbae17baf2f7711b2852253d6461ad80db"},
  "nimble_options": {:hex, :nimble_options, "0.4.0", "c89babbab52221a24b8d1ff9e7d838be70f0d871be823165c94dd3418eea728f", [:mix], [], "hexpm", "e6701c1af326a11eea9634a3b1c62b475339ace9456c1a23ec3bc9a847bca02d"},
  "scenic": {:git, "https://github.com/ScenicFramework/scenic.git", "3b38c12ea79a03d930986fe633ee3ae54dca0d1f", [tag: "v0.11.1"]},
  "scenic_driver_local": {:git, "https://github.com/JediLuke/scenic_driver_local", "e239ccc1dc49b6feb27f0db44cf895765e21d704", [branch: "no_line_wrap"]},
  "scenic_widget_contrib": {:git, "https://github.com/JediLuke/scenic-widget-contrib", "b210dd168edb007a71925f3efcdb3ec529fb4c9d", [branch: "text_pad_wip"]},
  "struct_access": {:hex, :struct_access, "1.1.2", "a42e6ceedd9b9ea090ee94a6da089d56e16f374dbbc010c3eebdf8be17df286f", [:mix], [], "hexpm", "e4c411dcc0226081b95709909551fc92b8feb1a3476108348ea7e3f6c12e586a"},
  "truetype_metrics": {:hex, :truetype_metrics, "0.6.1", "9119a04dc269dd8f63e85e12e4098f711cb7c5204a420f4896f40667b9e064f6", [:mix], [{:font_metrics, "~> 0.5", [hex: :font_metrics, repo: "hexpm", optional: false]}], "hexpm", "5711d4a3e4fc92eb073326fbe54208925d35168dc9b288c331ee666a8a84759b"},
  "wormhole": {:hex, :wormhole, "2.3.0", "5539d538b87fd70fd2b9cd95b8ce8b272c38aa4adf18690cbe8d1736c56054b6", [:mix], [], "hexpm", "5a82445fe84193adafe64eb2c144d703b93d3ddac8aa7e1b0ab0ce3968b22440"},
}
